# This file is generated by running "yarn install" inside your project.
# Manual changes might be lost - proceed with caution!

__metadata:
  version: 6
  cacheKey: 8

"@openzeppelin/contracts-upgradeable@npm:^4.7.3":
  version: 4.7.3
  resolution: "@openzeppelin/contracts-upgradeable@npm:4.7.3"
  checksum: c9ffb40cb847a975d440204fc6a811f43af960050242f707332b984d29bd16dc242ffa0935de61867aeb9e0357fadedb16b09b276deda5e9775582face831021
  languageName: node
  linkType: hard

"@royaldao/contracts-upgradeable@workspace:.":
  version: 0.0.0-use.local
  resolution: "@royaldao/contracts-upgradeable@workspace:."
  dependencies:
    "@openzeppelin/contracts-upgradeable": ^4.7.3
  languageName: unknown
  linkType: soft
